
Microsoft Visual Studio Solution File, Format Version 12.00
# Visual Studio Version 17
VisualStudioVersion = 17.11.35208.52
MinimumVisualStudioVersion = 10.0.40219.1
Project("{FAE04EC0-301F-11D3-BF4B-00C04F79EFBC}") = "WindWakerItemizer", "WindWakerItemizer.csproj", "{EEADDFA8-1B3B-4D66-AFDD-4CFCFA8DFE12}"
EndProject
Global
	GlobalSection(SolutionConfigurationPlatforms) = preSolution
		Debug|Any CPU = Debug|Any CPU
		Release|Any CPU = Release|Any CPU
	EndGlobalSection
	GlobalSection(ProjectConfigurationPlatforms) = postSolution
		{EEADDFA8-1B3B-4D66-AFDD-4CFCFA8DFE12}.Debug|Any CPU.ActiveCfg = Debug|Any CPU
		{EEADDFA8-1B3B-4D66-AFDD-4CFCFA8DFE12}.Debug|Any CPU.Build.0 = Debug|Any CPU
		{EEADDFA8-1B3B-4D66-AFDD-4CFCFA8DFE12}.Release|Any CPU.ActiveCfg = Release|Any CPU
		{EEADDFA8-1B3B-4D66-AFDD-4CFCFA8DFE12}.Release|Any CPU.Build.0 = Release|Any CPU
	EndGlobalSection
	GlobalSection(SolutionProperties) = preSolution
		HideSolutionNode = FALSE
	EndGlobalSection
	GlobalSection(ExtensibilityGlobals) = postSolution
		SolutionGuid = {1AA555D5-C4D7-430A-9CD1-7CE638EAF251}
	EndGlobalSection
EndGlobal
